
Microsoft Visual Studio Solution File, Format Version 12.00
# Visual Studio Version 17
VisualStudioVersion = 17.8.34330.188
MinimumVisualStudioVersion = 10.0.40219.1
Project("{9A19103F-16F7-4668-BE54-9A1E7A4F7556}") = "BulkyWeb", "BulkyWeb\BulkyWeb.csproj", "{850CF98A-7FD2-46E3-B0E2-CB2FCBD9BBF7}"
EndProject
Project("{9A19103F-16F7-4668-BE54-9A1E7A4F7556}") = "BulkyWebRazor_Temp", "BulkyWebRazor_Temp\BulkyWebRazor_Temp.csproj", "{20B77086-A9AD-4A3B-B4C8-F09960BCA88B}"
EndProject
Project("{FAE04EC0-301F-11D3-BF4B-00C04F79EFBC}") = "Bulky.DataAccess", "Bulky.DataAccess\Bulky.DataAccess.csproj", "{6F8046C2-49AC-4D1E-86C9-2780AA5033CE}"
EndProject
Project("{FAE04EC0-301F-11D3-BF4B-00C04F79EFBC}") = "Bulky.Models", "Bulky.Models\Bulky.Models.csproj", "{C7AB4F8E-90B6-401C-9CF9-612B2655C354}"
EndProject
Project("{FAE04EC0-301F-11D3-BF4B-00C04F79EFBC}") = "Bulky.Utility", "Bulky.Utility\Bulky.Utility.csproj", "{F7626EA9-1EB0-4805-87F3-1BC8990B420E}"
EndProject
Global
	GlobalSection(SolutionConfigurationPlatforms) = preSolution
		Debug|Any CPU = Debug|Any CPU
		Release|Any CPU = Release|Any CPU
	EndGlobalSection
	GlobalSection(ProjectConfigurationPlatforms) = postSolution
		{850CF98A-7FD2-46E3-B0E2-CB2FCBD9BBF7}.Debug|Any CPU.ActiveCfg = Debug|Any CPU
		{850CF98A-7FD2-46E3-B0E2-CB2FCBD9BBF7}.Debug|Any CPU.Build.0 = Debug|Any CPU
		{850CF98A-7FD2-46E3-B0E2-CB2FCBD9BBF7}.Release|Any CPU.ActiveCfg = Release|Any CPU
		{850CF98A-7FD2-46E3-B0E2-CB2FCBD9BBF7}.Release|Any CPU.Build.0 = Release|Any CPU
		{20B77086-A9AD-4A3B-B4C8-F09960BCA88B}.Debug|Any CPU.ActiveCfg = Debug|Any CPU
		{20B77086-A9AD-4A3B-B4C8-F09960BCA88B}.Debug|Any CPU.Build.0 = Debug|Any CPU
		{20B77086-A9AD-4A3B-B4C8-F09960BCA88B}.Release|Any CPU.ActiveCfg = Release|Any CPU
		{20B77086-A9AD-4A3B-B4C8-F09960BCA88B}.Release|Any CPU.Build.0 = Release|Any CPU
		{6F8046C2-49AC-4D1E-86C9-2780AA5033CE}.Debug|Any CPU.ActiveCfg = Debug|Any CPU
		{6F8046C2-49AC-4D1E-86C9-2780AA5033CE}.Debug|Any CPU.Build.0 = Debug|Any CPU
		{6F8046C2-49AC-4D1E-86C9-2780AA5033CE}.Release|Any CPU.ActiveCfg = Release|Any CPU
		{6F8046C2-49AC-4D1E-86C9-2780AA5033CE}.Release|Any CPU.Build.0 = Release|Any CPU
		{C7AB4F8E-90B6-401C-9CF9-612B2655C354}.Debug|Any CPU.ActiveCfg = Debug|Any CPU
		{C7AB4F8E-90B6-401C-9CF9-612B2655C354}.Debug|Any CPU.Build.0 = Debug|Any CPU
		{C7AB4F8E-90B6-401C-9CF9-612B2655C354}.Release|Any CPU.ActiveCfg = Release|Any CPU
		{C7AB4F8E-90B6-401C-9CF9-612B2655C354}.Release|Any CPU.Build.0 = Release|Any CPU
		{F7626EA9-1EB0-4805-87F3-1BC8990B420E}.Debug|Any CPU.ActiveCfg = Debug|Any CPU
		{F7626EA9-1EB0-4805-87F3-1BC8990B420E}.Debug|Any CPU.Build.0 = Debug|Any CPU
		{F7626EA9-1EB0-4805-87F3-1BC8990B420E}.Release|Any CPU.ActiveCfg = Release|Any CPU
		{F7626EA9-1EB0-4805-87F3-1BC8990B420E}.Release|Any CPU.Build.0 = Release|Any CPU
	EndGlobalSection
	GlobalSection(SolutionProperties) = preSolution
		HideSolutionNode = FALSE
	EndGlobalSection
	GlobalSection(ExtensibilityGlobals) = postSolution
		SolutionGuid = {E09753CC-D4E4-432D-8D43-C6056FAD1F21}
	EndGlobalSection
EndGlobal
